
Microsoft Visual Studio Solution File, Format Version 12.00
# Visual Studio 15
VisualStudioVersion = 15.0.28010.2003
MinimumVisualStudioVersion = 10.0.40219.1
Project("{FAE04EC0-301F-11D3-BF4B-00C04F79EFBC}") = "InvokeContractTest", "InvokeContractTest\InvokeContractTest.csproj", "{A2877FFA-62EB-4A1E-BE46-15BCF7F58431}"
EndProject
Project("{9A19103F-16F7-4668-BE54-9A1E7A4F7556}") = "thinSDK", "thinSDK\thinSDK.csproj", "{A964381E-2D2E-494E-9CE9-18F67E03D464}"
EndProject
Project("{9A19103F-16F7-4668-BE54-9A1E7A4F7556}") = "llvm", "llvm\llvm.csproj", "{413AFC66-9E4B-45C9-9FBA-F97E60AB59FA}"
EndProject
Project("{FAE04EC0-301F-11D3-BF4B-00C04F79EFBC}") = "signtool", "signtool\signtool.csproj", "{12542154-0283-4C2C-8211-5FBD26AF4F24}"
EndProject
Project("{9A19103F-16F7-4668-BE54-9A1E7A4F7556}") = "thinSDK_neo", "thinSDK_neo\thinSDK_neo.csproj", "{95635D92-6662-4FD0-ACFD-061155B6479D}"
EndProject
Global
	GlobalSection(SolutionConfigurationPlatforms) = preSolution
		Debug|Any CPU = Debug|Any CPU
		Release|Any CPU = Release|Any CPU
	EndGlobalSection
	GlobalSection(ProjectConfigurationPlatforms) = postSolution
		{A2877FFA-62EB-4A1E-BE46-15BCF7F58431}.Debug|Any CPU.ActiveCfg = Debug|Any CPU
		{A2877FFA-62EB-4A1E-BE46-15BCF7F58431}.Debug|Any CPU.Build.0 = Debug|Any CPU
		{A2877FFA-62EB-4A1E-BE46-15BCF7F58431}.Release|Any CPU.ActiveCfg = Release|Any CPU
		{A2877FFA-62EB-4A1E-BE46-15BCF7F58431}.Release|Any CPU.Build.0 = Release|Any CPU
		{A964381E-2D2E-494E-9CE9-18F67E03D464}.Debug|Any CPU.ActiveCfg = Debug|Any CPU
		{A964381E-2D2E-494E-9CE9-18F67E03D464}.Debug|Any CPU.Build.0 = Debug|Any CPU
		{A964381E-2D2E-494E-9CE9-18F67E03D464}.Release|Any CPU.ActiveCfg = Release|Any CPU
		{A964381E-2D2E-494E-9CE9-18F67E03D464}.Release|Any CPU.Build.0 = Release|Any CPU
		{413AFC66-9E4B-45C9-9FBA-F97E60AB59FA}.Debug|Any CPU.ActiveCfg = Debug|Any CPU
		{413AFC66-9E4B-45C9-9FBA-F97E60AB59FA}.Debug|Any CPU.Build.0 = Debug|Any CPU
		{413AFC66-9E4B-45C9-9FBA-F97E60AB59FA}.Release|Any CPU.ActiveCfg = Release|Any CPU
		{413AFC66-9E4B-45C9-9FBA-F97E60AB59FA}.Release|Any CPU.Build.0 = Release|Any CPU
		{12542154-0283-4C2C-8211-5FBD26AF4F24}.Debug|Any CPU.ActiveCfg = Debug|Any CPU
		{12542154-0283-4C2C-8211-5FBD26AF4F24}.Debug|Any CPU.Build.0 = Debug|Any CPU
		{12542154-0283-4C2C-8211-5FBD26AF4F24}.Release|Any CPU.ActiveCfg = Release|Any CPU
		{12542154-0283-4C2C-8211-5FBD26AF4F24}.Release|Any CPU.Build.0 = Release|Any CPU
		{95635D92-6662-4FD0-ACFD-061155B6479D}.Debug|Any CPU.ActiveCfg = Debug|Any CPU
		{95635D92-6662-4FD0-ACFD-061155B6479D}.Debug|Any CPU.Build.0 = Debug|Any CPU
		{95635D92-6662-4FD0-ACFD-061155B6479D}.Release|Any CPU.ActiveCfg = Release|Any CPU
		{95635D92-6662-4FD0-ACFD-061155B6479D}.Release|Any CPU.Build.0 = Release|Any CPU
	EndGlobalSection
	GlobalSection(SolutionProperties) = preSolution
		HideSolutionNode = FALSE
	EndGlobalSection
	GlobalSection(ExtensibilityGlobals) = postSolution
		SolutionGuid = {7FE60274-87D3-40DC-979D-6DB03E97F1C1}
	EndGlobalSection
EndGlobal
